
Microsoft Visual Studio Solution File, Format Version 12.00
# Visual Studio 15
Project("{FAE04EC0-301F-11D3-BF4B-00C04F79EFBC}") = "Assembly-CSharp", "Assembly-CSharp.csproj", "{1E5971DB-87BE-2D42-484B-5AF1DB313CF9}"
EndProject
Project("{FAE04EC0-301F-11D3-BF4B-00C04F79EFBC}") = "Assembly-CSharp-Editor", "Assembly-CSharp-Editor.csproj", "{6F0E6B13-41F8-506C-AB40-E805907978CB}"
EndProject
Global
	GlobalSection(SolutionConfigurationPlatforms) = preSolution
		Debug|Any CPU = Debug|Any CPU
		Release|Any CPU = Release|Any CPU
	EndGlobalSection
	GlobalSection(ProjectConfigurationPlatforms) = postSolution
		{1E5971DB-87BE-2D42-484B-5AF1DB313CF9}.Debug|Any CPU.ActiveCfg = Debug|Any CPU
		{1E5971DB-87BE-2D42-484B-5AF1DB313CF9}.Debug|Any CPU.Build.0 = Debug|Any CPU
		{1E5971DB-87BE-2D42-484B-5AF1DB313CF9}.Release|Any CPU.ActiveCfg = Release|Any CPU
		{1E5971DB-87BE-2D42-484B-5AF1DB313CF9}.Release|Any CPU.Build.0 = Release|Any CPU
		{6F0E6B13-41F8-506C-AB40-E805907978CB}.Debug|Any CPU.ActiveCfg = Debug|Any CPU
		{6F0E6B13-41F8-506C-AB40-E805907978CB}.Debug|Any CPU.Build.0 = Debug|Any CPU
		{6F0E6B13-41F8-506C-AB40-E805907978CB}.Release|Any CPU.ActiveCfg = Release|Any CPU
		{6F0E6B13-41F8-506C-AB40-E805907978CB}.Release|Any CPU.Build.0 = Release|Any CPU
	EndGlobalSection
	GlobalSection(SolutionProperties) = preSolution
		HideSolutionNode = FALSE
	EndGlobalSection
EndGlobal
